
Microsoft Visual Studio Solution File, Format Version 12.00
# Visual Studio 15
VisualStudioVersion = 15.0.26730.12
MinimumVisualStudioVersion = 10.0.40219.1
Project("{9A19103F-16F7-4668-BE54-9A1E7A4F7556}") = "DynamicMessage", "DynamicMessage\DynamicMessage.csproj", "{C7750A89-9F97-4BFC-B7DE-A381401656D0}"
EndProject
Project("{FAE04EC0-301F-11D3-BF4B-00C04F79EFBC}") = "protobuf-net", "protobuf-net\protobuf-net.csproj", "{48E259C7-A8FF-46C9-9A26-92813806738A}"
EndProject
Project("{FAE04EC0-301F-11D3-BF4B-00C04F79EFBC}") = "ExcelConfig", "ExcelConfig\ExcelConfig.csproj", "{DF653392-A6D7-4F0A-A8DF-142CC9BF383B}"
EndProject
Project("{FAE04EC0-301F-11D3-BF4B-00C04F79EFBC}") = "SampleDotnetCore", "SampleDotnetCore\SampleDotnetCore.csproj", "{179F22BC-5D51-4E8A-B787-57B585E33A5F}"
EndProject
Project("{FAE04EC0-301F-11D3-BF4B-00C04F79EFBC}") = "SampleDotnetFramework", "SampleDotnetFramework\SampleDotnetFramework.csproj", "{300B6528-E0DA-4C3E-B17E-1D888F73A6C7}"
EndProject
Global
	GlobalSection(SolutionConfigurationPlatforms) = preSolution
		Debug|Any CPU = Debug|Any CPU
		Release|Any CPU = Release|Any CPU
	EndGlobalSection
	GlobalSection(ProjectConfigurationPlatforms) = postSolution
		{C7750A89-9F97-4BFC-B7DE-A381401656D0}.Debug|Any CPU.ActiveCfg = Debug|Any CPU
		{C7750A89-9F97-4BFC-B7DE-A381401656D0}.Debug|Any CPU.Build.0 = Debug|Any CPU
		{C7750A89-9F97-4BFC-B7DE-A381401656D0}.Release|Any CPU.ActiveCfg = Release|Any CPU
		{C7750A89-9F97-4BFC-B7DE-A381401656D0}.Release|Any CPU.Build.0 = Release|Any CPU
		{48E259C7-A8FF-46C9-9A26-92813806738A}.Debug|Any CPU.ActiveCfg = Debug|Any CPU
		{48E259C7-A8FF-46C9-9A26-92813806738A}.Debug|Any CPU.Build.0 = Debug|Any CPU
		{48E259C7-A8FF-46C9-9A26-92813806738A}.Release|Any CPU.ActiveCfg = Release|Any CPU
		{48E259C7-A8FF-46C9-9A26-92813806738A}.Release|Any CPU.Build.0 = Release|Any CPU
		{DF653392-A6D7-4F0A-A8DF-142CC9BF383B}.Debug|Any CPU.ActiveCfg = Debug|Any CPU
		{DF653392-A6D7-4F0A-A8DF-142CC9BF383B}.Debug|Any CPU.Build.0 = Debug|Any CPU
		{DF653392-A6D7-4F0A-A8DF-142CC9BF383B}.Release|Any CPU.ActiveCfg = Release|Any CPU
		{DF653392-A6D7-4F0A-A8DF-142CC9BF383B}.Release|Any CPU.Build.0 = Release|Any CPU
		{179F22BC-5D51-4E8A-B787-57B585E33A5F}.Debug|Any CPU.ActiveCfg = Debug|Any CPU
		{179F22BC-5D51-4E8A-B787-57B585E33A5F}.Debug|Any CPU.Build.0 = Debug|Any CPU
		{179F22BC-5D51-4E8A-B787-57B585E33A5F}.Release|Any CPU.ActiveCfg = Release|Any CPU
		{179F22BC-5D51-4E8A-B787-57B585E33A5F}.Release|Any CPU.Build.0 = Release|Any CPU
		{300B6528-E0DA-4C3E-B17E-1D888F73A6C7}.Debug|Any CPU.ActiveCfg = Debug|Any CPU
		{300B6528-E0DA-4C3E-B17E-1D888F73A6C7}.Debug|Any CPU.Build.0 = Debug|Any CPU
		{300B6528-E0DA-4C3E-B17E-1D888F73A6C7}.Release|Any CPU.ActiveCfg = Release|Any CPU
		{300B6528-E0DA-4C3E-B17E-1D888F73A6C7}.Release|Any CPU.Build.0 = Release|Any CPU
	EndGlobalSection
	GlobalSection(SolutionProperties) = preSolution
		HideSolutionNode = FALSE
	EndGlobalSection
	GlobalSection(ExtensibilityGlobals) = postSolution
		SolutionGuid = {331E336D-B071-4C96-9577-072DDEB9F0ED}
	EndGlobalSection
EndGlobal
